{
  "originHash" : "ce0fb0e31ada1f503fb0f42d81ccc1c3f22d5ae9fc384f8e2f02fa8a682c0368",
  "pins" : [
    {
      "identity" : "swift-syntax",
      "kind" : "remoteSourceControl",
      "location" : "https://github.com/swiftlang/swift-syntax",
      "state" : {
        "revision" : "4799286537280063c85a32f09884cfbca301b1a1",
        "version" : "602.0.0"
      }
    }
  ],
  "version" : 3
}
